// !$*UTF8*$!
{
	archiveVersion = 1;
	classes = {
	};
	objectVersion = 56;
	objects = {

/* Begin PBXBuildFile section */
		A1234567890ABCDEF1234567 /* SimplySecureApp.swift in Sources */ = {isa = PBXBuildFile; fileRef = B1234567890ABCDEF1234567 /* SimplySecureApp.swift */; };
		C1234567890ABCDEF1234567 /* ContentView.swift in Sources */ = {isa = PBXBuildFile; fileRef = D1234567890ABCDEF1234567 /* ContentView.swift */; };
		E1234567890ABCDEF1234567 /* SecurityScanner.swift in Sources */ = {isa = PBXBuildFile; fileRef = F1234567890ABCDEF1234567 /* SecurityScanner.swift */; };
		G1234567890ABCDEF1234567 /* NinjaGameModel.swift in Sources */ = {isa = PBXBuildFile; fileRef = H1234567890ABCDEF1234567 /* NinjaGameModel.swift */; };
		I1234567890ABCDEF1234567 /* Assets.xcassets in Resources */ = {isa = PBXBuildFile; fileRef = J1234567890ABCDEF1234567 /* Assets.xcassets */; };
		AA1234567890ABCDEF1234567 /* GeminiAPIService.swift in Sources */ = {isa = PBXBuildFile; fileRef = BB1234567890ABCDEF1234567 /* GeminiAPIService.swift */; };
		CC1234567890ABCDEF1234567 /* User.swift in Sources */ = {isa = PBXBuildFile; fileRef = DD1234567890ABCDEF1234567 /* User.swift */; };
		EE1234567890ABCDEF1234567 /* QuizModels.swift in Sources */ = {isa = PBXBuildFile; fileRef = FF1234567890ABCDEF1234567 /* QuizModels.swift */; };
		GG1234567890ABCDEF1234567 /* QuizService.swift in Sources */ = {isa = PBXBuildFile; fileRef = HH1234567890ABCDEF1234567 /* QuizService.swift */; };
		II1234567890ABCDEF1234567 /* QuizView.swift in Sources */ = {isa = PBXBuildFile; fileRef = JJ1234567890ABCDEF1234567 /* QuizView.swift */; };
		KK1234567890ABCDEF1234567 /* QuizAnimations.swift in Sources */ = {isa = PBXBuildFile; fileRef = LL1234567890ABCDEF1234567 /* QuizAnimations.swift */; };
/* End PBXBuildFile section */

/* Begin PBXFileReference section */
		B1234567890ABCDEF1234567 /* SimplySecureApp.swift */ = {isa = PBXFileReference; lastKnownFileType = sourcecode.swift; path = SimplySecureApp.swift; sourceTree = "<group>"; };
		D1234567890ABCDEF1234567 /* ContentView.swift */ = {isa = PBXFileReference; lastKnownFileType = sourcecode.swift; path = ContentView.swift; sourceTree = "<group>"; };
		F1234567890ABCDEF1234567 /* SecurityScanner.swift */ = {isa = PBXFileReference; lastKnownFileType = sourcecode.swift; path = SecurityScanner.swift; sourceTree = "<group>"; };
		H1234567890ABCDEF1234567 /* NinjaGameModel.swift */ = {isa = PBXFileReference; lastKnownFileType = sourcecode.swift; path = NinjaGameModel.swift; sourceTree = "<group>"; };
		J1234567890ABCDEF1234567 /* Assets.xcassets */ = {isa = PBXFileReference; lastKnownFileType = folder.assetcatalog; path = Assets.xcassets; sourceTree = "<group>"; };
		BB1234567890ABCDEF1234567 /* GeminiAPIService.swift */ = {isa = PBXFileReference; lastKnownFileType = sourcecode.swift; path = GeminiAPIService.swift; sourceTree = "<group>"; };
		DD1234567890ABCDEF1234567 /* User.swift */ = {isa = PBXFileReference; lastKnownFileType = sourcecode.swift; path = User.swift; sourceTree = "<group>"; };
		FF1234567890ABCDEF1234567 /* QuizModels.swift */ = {isa = PBXFileReference; lastKnownFileType = sourcecode.swift; path = QuizModels.swift; sourceTree = "<group>"; };
		HH1234567890ABCDEF1234567 /* QuizService.swift */ = {isa = PBXFileReference; lastKnownFileType = sourcecode.swift; path = QuizService.swift; sourceTree = "<group>"; };
		JJ1234567890ABCDEF1234567 /* QuizView.swift */ = {isa = PBXFileReference; lastKnownFileType = sourcecode.swift; path = QuizView.swift; sourceTree = "<group>"; };
		LL1234567890ABCDEF1234567 /* QuizAnimations.swift */ = {isa = PBXFileReference; lastKnownFileType = sourcecode.swift; path = QuizAnimations.swift; sourceTree = "<group>"; };
/* End PBXFileReference section */

/* Begin PBXFrameworksBuildPhase section */
		M1234567890ABCDEF1234567 /* Frameworks */ = {
			isa = PBXFrameworksBuildPhase;
			buildActionMask = 2147483647;
			files = (
			);
			runOnlyForDeploymentPostprocessing = 0;
		};
/* End PBXFrameworksBuildPhase section */

/* Begin PBXGroup section */
		N1234567890ABCDEF1234567 = {
			isa = PBXGroup;
			children = (
				O1234567890ABCDEF1234567 /* SimplySecure */,
				P1234567890ABCDEF1234567 /* Products */,
			);
			sourceTree = "<group>";
		};
		O1234567890ABCDEF1234567 /* SimplySecure */ = {
			isa = PBXGroup;
			children = (
				B1234567890ABCDEF1234567 /* SimplySecureApp.swift */,
				D1234567890ABCDEF1234567 /* ContentView.swift */,
				F1234567890ABCDEF1234567 /* SecurityScanner.swift */,
				H1234567890ABCDEF1234567 /* NinjaGameModel.swift */,
				BB1234567890ABCDEF1234567 /* GeminiAPIService.swift */,
				DD1234567890ABCDEF1234567 /* User.swift */,
				FF1234567890ABCDEF1234567 /* QuizModels.swift */,
				HH1234567890ABCDEF1234567 /* QuizService.swift */,
				JJ1234567890ABCDEF1234567 /* QuizView.swift */,
				LL1234567890ABCDEF1234567 /* QuizAnimations.swift */,
				J1234567890ABCDEF1234567 /* Assets.xcassets */,
				L1234567890ABCDEF1234567 /* Info.plist */,
			);
			path = SimplySecure;
			sourceTree = "<group>";
		};
		P1234567890ABCDEF1234567 /* Products */ = {
			isa = PBXGroup;
			children = (
				K1234567890ABCDEF1234567 /* SimplySecure.app */,
			);
			name = Products;
			sourceTree = "<group>";
		};
/* End PBXGroup section */

/* Begin PBXNativeTarget section */
		Q1234567890ABCDEF1234567 /* SimplySecure */ = {
			isa = PBXNativeTarget;
			buildConfigurationList = R1234567890ABCDEF1234567 /* Build configuration list for PBXNativeTarget "SimplySecure" */;
			buildPhases = (
				S1234567890ABCDEF1234567 /* Sources */,
				M1234567890ABCDEF1234567 /* Frameworks */,
				T1234567890ABCDEF1234567 /* Resources */,
			);
			buildRules = (
			);
			dependencies = (
			);
			name = SimplySecure;
			productName = SimplySecure;
			productReference = K1234567890ABCDEF1234567 /* SimplySecure.app */;
			productType = "com.apple.product-type.application";
		};
/* End PBXNativeTarget section */

/* Begin PBXProject section */
		U1234567890ABCDEF1234567 /* Project object */ = {
			isa = PBXProject;
			attributes = {
				BuildIndependentTargetsInParallel = 1;
				LastSwiftUpdateCheck = 1500;
				LastUpgradeCheck = 1500;
				TargetAttributes = {
					Q1234567890ABCDEF1234567 = {
						CreatedOnToolsVersion = 15.0;
					};
				};
			};
			buildConfigurationList = V1234567890ABCDEF1234567 /* Build configuration list for PBXProject "SimplySecure" */;
			compatibilityVersion = "Xcode 14.0";
			developmentRegion = en;
			hasScannedForEncodings = 0;
			knownRegions = (
				en,
				Base,
			);
			mainGroup = N1234567890ABCDEF1234567;
			productRefGroup = P1234567890ABCDEF1234567 /* Products */;
			projectDirPath = "";
			projectRoot = "";
			targets = (
				Q1234567890ABCDEF1234567 /* SimplySecure */,
			);
		};
/* End PBXProject section */

/* Begin PBXResourcesBuildPhase section */
		T1234567890ABCDEF1234567 /* Resources */ = {
			isa = PBXResourcesBuildPhase;
			buildActionMask = 2147483647;
			files = (
				I1234567890ABCDEF1234567 /* Assets.xcassets in Resources */,
			);
			runOnlyForDeploymentPostprocessing = 0;
		};
/* End PBXResourcesBuildPhase section */

/* Begin PBXSourcesBuildPhase section */
		S1234567890ABCDEF1234567 /* Sources */ = {
			isa = PBXSourcesBuildPhase;
			buildActionMask = 2147483647;
			files = (
				A1234567890ABCDEF1234567 /* SimplySecureApp.swift in Sources */,
				C1234567890ABCDEF1234567 /* ContentView.swift in Sources */,
				E1234567890ABCDEF1234567 /* SecurityScanner.swift in Sources */,
				G1234567890ABCDEF1234567 /* NinjaGameModel.swift in Sources */,
				AA1234567890ABCDEF1234567 /* GeminiAPIService.swift in Sources */,
				CC1234567890ABCDEF1234567 /* User.swift in Sources */,
				EE1234567890ABCDEF1234567 /* QuizModels.swift in Sources */,
				GG1234567890ABCDEF1234567 /* QuizService.swift in Sources */,
				II1234567890ABCDEF1234567 /* QuizView.swift in Sources */,
				KK1234567890ABCDEF1234567 /* QuizAnimations.swift in Sources */,
			);
			runOnlyForDeploymentPostprocessing = 0;
		};
/* End PBXSourcesBuildPhase section */

/* Begin XCBuildConfiguration section */
		W1234567890ABCDEF1234567 /* Debug */ = {
			isa = XCBuildConfiguration;
			buildSettings = {
				ALWAYS_SEARCH_USER_PATHS = NO;
				ASSETCATALOG_COMPILER_GENERATE_SWIFT_ASSET_SYMBOL_EXTENSIONS = YES;
				CLANG_ANALYZER_NONNULL = YES;
				CLANG_ANALYZER_NUMBER_OBJECT_CONVERSION = YES_AGGRESSIVE;
				CLANG_CXX_LANGUAGE_STANDARD = "gnu++20";
				CLANG_ENABLE_MODULES = YES;
				CLANG_ENABLE_OBJC_ARC = YES;
				CLANG_ENABLE_OBJC_WEAK = YES;
				CLANG_WARN_BLOCK_CAPTURE_AUTORELEASING = YES;
				CLANG_WARN_BOOL_CONVERSION = YES;
				CLANG_WARN_COMMA = YES;
				CLANG_WARN_CONSTANT_CONVERSION = YES;
				CLANG_WARN_DEPRECATED_OBJC_IMPLEMENTATIONS = YES;
				CLANG_WARN_DIRECT_OBJC_ISA_USAGE = YES_ERROR;
				CLANG_WARN_DOCUMENTATION_COMMENTS = YES;
				CLANG_WARN_EMPTY_BODY = YES;
				CLANG_WARN_ENUM_CONVERSION = YES;
				CLANG_WARN_INFINITE_RECURSION = YES;
				CLANG_WARN_INT_CONVERSION = YES;
				CLANG_WARN_NON_LITERAL_NULL_CONVERSION = YES;
				CLANG_WARN_OBJC_IMPLICIT_RETAIN_SELF = YES;
				CLANG_WARN_OBJC_LITERAL_CONVERSION = YES;
				CLANG_WARN_OBJC_ROOT_CLASS = YES_ERROR;
				CLANG_WARN_QUOTED_INCLUDE_IN_FRAMEWORK_HEADER = YES;
				CLANG_WARN_RANGE_LOOP_ANALYSIS = YES;
				CLANG_WARN_STRICT_PROTOTYPES = YES;
				CLANG_WARN_SUSPICIOUS_MOVE = YES;
				CLANG_WARN_UNGUARDED_AVAILABILITY = YES_AGGRESSIVE;
				CLANG_WARN_UNREACHABLE_CODE = YES;
				CLANG_WARN__DUPLICATE_METHOD_MATCH = YES;
				COPY_PHASE_STRIP = NO;
				DEBUG_INFORMATION_FORMAT = dwarf;
				ENABLE_STRICT_OBJC_MSGSEND = YES;
				ENABLE_TESTABILITY = YES;
				ENABLE_USER_SCRIPT_SANDBOXING = YES;
				GCC_C_LANGUAGE_STANDARD = gnu17;
				GCC_DYNAMIC_NO_PIC = NO;
				GCC_NO_COMMON_BLOCKS = YES;
				GCC_OPTIMIZATION_LEVEL = 0;
				GCC_PREPROCESSOR_DEFINITIONS = (
					"DEBUG=1",
					"$(inherited)",
				);
				GCC_WARN_64_TO_32_BIT_CONVERSION = YES;
				GCC_WARN_ABOUT_RETURN_TYPE = YES_ERROR;
				GCC_WARN_UNDECLARED_SELECTOR = YES;
				GCC_WARN_UNINITIALIZED_AUTOS = YES_AGGRESSIVE;
				GCC_WARN_UNUSED_FUNCTION = YES;
				GCC_WARN_UNUSED_VARIABLE = YES;
				LOCALIZATION_PREFERS_STRING_CATALOGS = YES;
				MACOSX_DEPLOYMENT_TARGET = 13.0;
				MTL_ENABLE_DEBUG_INFO = INCLUDE_SOURCE;
				MTL_FAST_MATH = YES;
				ONLY_ACTIVE_ARCH = YES;
				SDKROOT = macosx;
				SWIFT_ACTIVE_COMPILATION_CONDITIONS = "DEBUG $(inherited)";
				SWIFT_OPTIMIZATION_LEVEL = "-Onone";
			};
			name = Debug;
		};
		X1234567890ABCDEF1234567 /* Release */ = {
			isa = XCBuildConfiguration;
			buildSettings = {
				ALWAYS_SEARCH_USER_PATHS = NO;
				ASSETCATALOG_COMPILER_GENERATE_SWIFT_ASSET_SYMBOL_EXTENSIONS = YES;
				CLANG_ANALYZER_NONNULL = YES;
				CLANG_ANALYZER_NUMBER_OBJECT_CONVERSION = YES_AGGRESSIVE;
				CLANG_CXX_LANGUAGE_STANDARD = "gnu++20";
				CLANG_ENABLE_MODULES = YES;
				CLANG_ENABLE_OBJC_ARC = YES;
				CLANG_ENABLE_OBJC_WEAK = YES;
				CLANG_WARN_BLOCK_CAPTURE_AUTORELEASING = YES;
				CLANG_WARN_BOOL_CONVERSION = YES;
				CLANG_WARN_COMMA = YES;
				CLANG_WARN_CONSTANT_CONVERSION = YES;
				CLANG_WARN_DEPRECATED_OBJC_IMPLEMENTATIONS = YES;
				CLANG_WARN_DIRECT_OBJC_ISA_USAGE = YES_ERROR;
				CLANG_WARN_DOCUMENTATION_COMMENTS = YES;
				CLANG_WARN_EMPTY_BODY = YES;
				CLANG_WARN_ENUM_CONVERSION = YES;
				CLANG_WARN_INFINITE_RECURSION = YES;
				CLANG_WARN_INT_CONVERSION = YES;
				CLANG_WARN_NON_LITERAL_NULL_CONVERSION = YES;
				CLANG_WARN_OBJC_IMPLICIT_RETAIN_SELF = YES;
				CLANG_WARN_OBJC_LITERAL_CONVERSION = YES;
				CLANG_WARN_OBJC_ROOT_CLASS = YES_ERROR;
				CLANG_WARN_QUOTED_INCLUDE_IN_FRAMEWORK_HEADER = YES;
				CLANG_WARN_RANGE_LOOP_ANALYSIS = YES;
				CLANG_WARN_STRICT_PROTOTYPES = YES;
				CLANG_WARN_SUSPICIOUS_MOVE = YES;
				CLANG_WARN_UNGUARDED_AVAILABILITY = YES_AGGRESSIVE;
				CLANG_WARN_UNREACHABLE_CODE = YES;
				CLANG_WARN__DUPLICATE_METHOD_MATCH = YES;
				COPY_PHASE_STRIP = NO;
				DEBUG_INFORMATION_FORMAT = "dwarf-with-dsym";
				ENABLE_NS_ASSERTIONS = NO;
				ENABLE_STRICT_OBJC_MSGSEND = YES;
				ENABLE_USER_SCRIPT_SANDBOXING = YES;
				GCC_C_LANGUAGE_STANDARD = gnu17;
				GCC_NO_COMMON_BLOCKS = YES;
				GCC_WARN_64_TO_32_BIT_CONVERSION = YES;
				GCC_WARN_ABOUT_RETURN_TYPE = YES_ERROR;
				GCC_WARN_UNDECLARED_SELECTOR = YES;
				GCC_WARN_UNINITIALIZED_AUTOS = YES_AGGRESSIVE;
				GCC_WARN_UNUSED_FUNCTION = YES;
				GCC_WARN_UNUSED_VARIABLE = YES;
				LOCALIZATION_PREFERS_STRING_CATALOGS = YES;
				MACOSX_DEPLOYMENT_TARGET = 13.0;
				MTL_ENABLE_DEBUG_INFO = NO;
				MTL_FAST_MATH = YES;
				SDKROOT = macosx;
				SWIFT_COMPILATION_MODE = wholemodule;
			};
			name = Release;
		};
		Y1234567890ABCDEF1234567 /* Debug */ = {
			isa = XCBuildConfiguration;
			buildSettings = {
				ASSETCATALOG_COMPILER_APPICON_NAME = AppIcon;
				ASSETCATALOG_COMPILER_GLOBAL_ACCENT_COLOR_NAME = AccentColor;
				CODE_SIGN_ENTITLEMENTS = SimplySecure/SimplySecure.entitlements;
				CODE_SIGN_STYLE = Automatic;
				COMBINE_HIDPI_IMAGES = YES;
				CURRENT_PROJECT_VERSION = 1;
				DEVELOPMENT_ASSET_PATHS = "\"SimplySecure/Preview Content\"";
				ENABLE_PREVIEWS = YES;
				GENERATE_INFOPLIST_FILE = YES;
				INFOPLIST_FILE = SimplySecure/Info.plist;
				INFOPLIST_KEY_NSHumanReadableCopyright = "";
				LD_RUNPATH_SEARCH_PATHS = (
					"$(inherited)",
					"@executable_path/../Frameworks",
				);
				MACOSX_DEPLOYMENT_TARGET = 15.0;
				MARKETING_VERSION = 1.0;
				PRODUCT_BUNDLE_IDENTIFIER = com.hackcmu2025.simplysecure;
				PRODUCT_NAME = "$(TARGET_NAME)";
				SWIFT_EMIT_LOC_STRINGS = YES;
				SWIFT_VERSION = 5.0;
			};
			name = Debug;
		};
		Z1234567890ABCDEF1234567 /* Release */ = {
			isa = XCBuildConfiguration;
			buildSettings = {
				ASSETCATALOG_COMPILER_APPICON_NAME = AppIcon;
				ASSETCATALOG_COMPILER_GLOBAL_ACCENT_COLOR_NAME = AccentColor;
				CODE_SIGN_ENTITLEMENTS = SimplySecure/SimplySecure.entitlements;
				CODE_SIGN_STYLE = Automatic;
				COMBINE_HIDPI_IMAGES = YES;
				CURRENT_PROJECT_VERSION = 1;
				DEVELOPMENT_ASSET_PATHS = "\"SimplySecure/Preview Content\"";
				ENABLE_PREVIEWS = YES;
				GENERATE_INFOPLIST_FILE = YES;
				INFOPLIST_FILE = SimplySecure/Info.plist;
				INFOPLIST_KEY_NSHumanReadableCopyright = "";
				LD_RUNPATH_SEARCH_PATHS = (
					"$(inherited)",
					"@executable_path/../Frameworks",
				);
				MACOSX_DEPLOYMENT_TARGET = 15.0;
				MARKETING_VERSION = 1.0;
				PRODUCT_BUNDLE_IDENTIFIER = com.hackcmu2025.simplysecure;
				PRODUCT_NAME = "$(TARGET_NAME)";
				SWIFT_EMIT_LOC_STRINGS = YES;
				SWIFT_VERSION = 5.0;
			};
			name = Release;
		};
/* End XCBuildConfiguration section */

/* Begin XCConfigurationList section */
		R1234567890ABCDEF1234567 /* Build configuration list for PBXNativeTarget "SimplySecure" */ = {
			isa = XCConfigurationList;
			buildConfigurations = (
				Y1234567890ABCDEF1234567 /* Debug */,
				Z1234567890ABCDEF1234567 /* Release */,
			);
			defaultConfigurationIsVisible = 0;
			defaultConfigurationName = Release;
		};
		V1234567890ABCDEF1234567 /* Build configuration list for PBXProject "SimplySecure" */ = {
			isa = XCConfigurationList;
			buildConfigurations = (
				W1234567890ABCDEF1234567 /* Debug */,
				X1234567890ABCDEF1234567 /* Release */,
			);
			defaultConfigurationIsVisible = 0;
			defaultConfigurationName = Release;
		};
/* End XCConfigurationList section */
	};
	rootObject = U1234567890ABCDEF1234567 /* Project object */;
}
